
Microsoft Visual Studio Solution File, Format Version 12.00
# Visual Studio Version 16
VisualStudioVersion = 16.0.34729.46
MinimumVisualStudioVersion = 10.0.40219.1
Project("{FAE04EC0-301F-11D3-BF4B-00C04F79EFBC}") = "ToursApp", "ToursApp\ToursApp.csproj", "{BAB03C11-18FA-4C68-A3DA-E1FB47380F12}"
EndProject
Global
	GlobalSection(SolutionConfigurationPlatforms) = preSolution
		Debug|Any CPU = Debug|Any CPU
		Release|Any CPU = Release|Any CPU
	EndGlobalSection
	GlobalSection(ProjectConfigurationPlatforms) = postSolution
		{BAB03C11-18FA-4C68-A3DA-E1FB47380F12}.Debug|Any CPU.ActiveCfg = Debug|Any CPU
		{BAB03C11-18FA-4C68-A3DA-E1FB47380F12}.Debug|Any CPU.Build.0 = Debug|Any CPU
		{BAB03C11-18FA-4C68-A3DA-E1FB47380F12}.Release|Any CPU.ActiveCfg = Release|Any CPU
		{BAB03C11-18FA-4C68-A3DA-E1FB47380F12}.Release|Any CPU.Build.0 = Release|Any CPU
	EndGlobalSection
	GlobalSection(SolutionProperties) = preSolution
		HideSolutionNode = FALSE
	EndGlobalSection
	GlobalSection(ExtensibilityGlobals) = postSolution
		SolutionGuid = {28ADBAD4-BA4C-4292-AB4B-36CEE4E34245}
	EndGlobalSection
EndGlobal
